
Microsoft Visual Studio Solution File, Format Version 12.00
# Visual Studio Version 16
VisualStudioVersion = 16.0.30413.136
MinimumVisualStudioVersion = 10.0.40219.1
Project("{8BC9CEB8-8B4A-11D0-8D11-00A0C91BC942}") = "testRenderToTexture", "testRenderToTexture.vcxproj", "{D1B12315-42E7-442F-B086-BAD6296BC2D7}"
EndProject
Global
	GlobalSection(SolutionConfigurationPlatforms) = preSolution
		Debug|x64 = Debug|x64
		Debug|x86 = Debug|x86
		Release|x64 = Release|x64
		Release|x86 = Release|x86
	EndGlobalSection
	GlobalSection(ProjectConfigurationPlatforms) = postSolution
		{D1B12315-42E7-442F-B086-BAD6296BC2D7}.Debug|x64.ActiveCfg = Debug|x64
		{D1B12315-42E7-442F-B086-BAD6296BC2D7}.Debug|x64.Build.0 = Debug|x64
		{D1B12315-42E7-442F-B086-BAD6296BC2D7}.Debug|x86.ActiveCfg = Debug|Win32
		{D1B12315-42E7-442F-B086-BAD6296BC2D7}.Debug|x86.Build.0 = Debug|Win32
		{D1B12315-42E7-442F-B086-BAD6296BC2D7}.Release|x64.ActiveCfg = Release|x64
		{D1B12315-42E7-442F-B086-BAD6296BC2D7}.Release|x64.Build.0 = Release|x64
		{D1B12315-42E7-442F-B086-BAD6296BC2D7}.Release|x86.ActiveCfg = Release|Win32
		{D1B12315-42E7-442F-B086-BAD6296BC2D7}.Release|x86.Build.0 = Release|Win32
	EndGlobalSection
	GlobalSection(SolutionProperties) = preSolution
		HideSolutionNode = FALSE
	EndGlobalSection
	GlobalSection(ExtensibilityGlobals) = postSolution
		SolutionGuid = {3E57805D-024C-4E96-BB65-87F5D3D2DA59}
	EndGlobalSection
EndGlobal
