<?xml version="1.0" encoding="utf-8"?>
<Project ToolsVersion="4.0" xmlns="http://schemas.microsoft.com/developer/msbuild/2003">
  <ItemGroup>
    <Filter Include="Fichiers sources">
      <UniqueIdentifier>{4FC737F1-C7A5-4376-A066-2A32D752A2FF}</UniqueIdentifier>
      <Extensions>cpp;c;cc;cxx;c++;cppm;ixx;def;odl;idl;hpj;bat;asm;asmx</Extensions>
    </Filter>
    <Filter Include="Fichiers d%27en-tête">
      <UniqueIdentifier>{93995380-89BD-4b04-88EB-625FBE52EBFB}</UniqueIdentifier>
      <Extensions>h;hh;hpp;hxx;h++;hm;inl;inc;ipp;xsd</Extensions>
    </Filter>
    <Filter Include="Fichiers de ressources">
      <UniqueIdentifier>{67DA6AB6-F800-4c08-8B7A-83BB121AAD01}</UniqueIdentifier>
      <Extensions>rc;ico;cur;bmp;dlg;rc2;rct;bin;rgs;gif;jpg;jpeg;jpe;resx;tiff;tif;png;wav;mfcribbon-ms</Extensions>
    </Filter>
    <Filter Include="Fichiers d%27en-tête\Maths">
      <UniqueIdentifier>{ff7c750f-7886-418d-818a-470ae3389f9f}</UniqueIdentifier>
    </Filter>
    <Filter Include="Fichiers d%27en-tête\Renderer">
      <UniqueIdentifier>{5d8848a5-69c3-4d8b-8251-243d98c5afb7}</UniqueIdentifier>
    </Filter>
    <Filter Include="Fichiers sources\Maths">
      <UniqueIdentifier>{3e754c53-cccf-49e5-abd3-f3abfa18c98a}</UniqueIdentifier>
    </Filter>
    <Filter Include="Fichiers sources\Renderer">
      <UniqueIdentifier>{7daeff4e-d9d0-4d74-8211-1dc71d325562}</UniqueIdentifier>
    </Filter>
    <Filter Include="Fichiers sources\Platform">
      <UniqueIdentifier>{166824db-8bf4-41db-a128-2a2c4182bfbf}</UniqueIdentifier>
    </Filter>
    <Filter Include="Fichiers d%27en-tête\Platform">
      <UniqueIdentifier>{4da972ce-1f1b-412e-af8f-23e17fc6163c}</UniqueIdentifier>
    </Filter>
  </ItemGroup>
  <ItemGroup>
    <ClCompile Include="..\..\..\..\src\Renderer\AdvanceShader.cpp">
      <Filter>Fichiers sources\Renderer</Filter>
    </ClCompile>
    <ClCompile Include="..\..\..\..\src\Renderer\ParticuleShader.cpp">
      <Filter>Fichiers sources\Renderer</Filter>
    </ClCompile>
    <ClCompile Include="..\..\..\..\src\Renderer\Shader.cpp">
      <Filter>Fichiers sources\Renderer</Filter>
    </ClCompile>
    <ClCompile Include="..\..\..\..\src\Platform\ShaderLoader.cpp">
      <Filter>Fichiers sources\Platform</Filter>
    </ClCompile>
    <ClCompile Include="..\..\..\..\src\Platform\AssertHdl.cpp">
      <Filter>Fichiers sources\Platform</Filter>
    </ClCompile>
    <ClCompile Include="..\..\..\..\src\Maths\Image_8.cpp">
      <Filter>Fichiers sources\Maths</Filter>
    </ClCompile>
    <ClCompile Include="..\..\..\..\src\Maths\Image.cpp">
      <Filter>Fichiers sources\Maths</Filter>
    </ClCompile>
    <ClCompile Include="..\..\..\..\test\Rendering\testRenderToTexture\main.cpp">
      <Filter>Fichiers sources</Filter>
    </ClCompile>
  </ItemGroup>
  <ItemGroup>
    <ClInclude Include="..\..\..\..\src\Maths\Image.h">
      <Filter>Fichiers d%27en-tête\Maths</Filter>
    </ClInclude>
    <ClInclude Include="..\..\..\..\src\Maths\Image_8.h">
      <Filter>Fichiers d%27en-tête\Maths</Filter>
    </ClInclude>
    <ClInclude Include="..\..\..\..\src\Platform\AssertHdl.h">
      <Filter>Fichiers d%27en-tête\Platform</Filter>
    </ClInclude>
    <ClInclude Include="..\..\..\..\src\Platform\ShaderLoader.h">
      <Filter>Fichiers d%27en-tête\Platform</Filter>
    </ClInclude>
    <ClInclude Include="..\..\..\..\src\Renderer\ParticuleShader.h">
      <Filter>Fichiers d%27en-tête\Renderer</Filter>
    </ClInclude>
    <ClInclude Include="..\..\..\..\src\Renderer\Shader.h">
      <Filter>Fichiers d%27en-tête\Renderer</Filter>
    </ClInclude>
    <ClInclude Include="..\..\..\..\src\Renderer\AdvanceShader.h">
      <Filter>Fichiers d%27en-tête\Renderer</Filter>
    </ClInclude>
  </ItemGroup>
  <ItemGroup>
    <None Include="TexturedTriangle.fragmentshader">
      <Filter>Fichiers de ressources</Filter>
    </None>
    <None Include="TexturedTriangle.geometryshader">
      <Filter>Fichiers de ressources</Filter>
    </None>
    <None Include="TexturedTriangle.vertexshader">
      <Filter>Fichiers de ressources</Filter>
    </None>
    <None Include="TextureAddition.fragmentshader">
      <Filter>Fichiers de ressources</Filter>
    </None>
  </ItemGroup>
</Project>