<?xml version="1.0" encoding="utf-8"?>
<Project ToolsVersion="4.0" xmlns="http://schemas.microsoft.com/developer/msbuild/2003">
  <ItemGroup>
    <Filter Include="Fichiers sources">
      <UniqueIdentifier>{4FC737F1-C7A5-4376-A066-2A32D752A2FF}</UniqueIdentifier>
      <Extensions>cpp;c;cc;cxx;c++;cppm;ixx;def;odl;idl;hpj;bat;asm;asmx</Extensions>
    </Filter>
    <Filter Include="Fichiers d%27en-tête">
      <UniqueIdentifier>{93995380-89BD-4b04-88EB-625FBE52EBFB}</UniqueIdentifier>
      <Extensions>h;hh;hpp;hxx;h++;hm;inl;inc;ipp;xsd</Extensions>
    </Filter>
    <Filter Include="Fichiers de ressources">
      <UniqueIdentifier>{67DA6AB6-F800-4c08-8B7A-83BB121AAD01}</UniqueIdentifier>
      <Extensions>rc;ico;cur;bmp;dlg;rc2;rct;bin;rgs;gif;jpg;jpeg;jpe;resx;tiff;tif;png;wav;mfcribbon-ms</Extensions>
    </Filter>
    <Filter Include="Fichiers sources\Platform">
      <UniqueIdentifier>{6277ea1e-e2ee-4716-898c-41f7a2f4fef9}</UniqueIdentifier>
    </Filter>
    <Filter Include="Fichiers d%27en-tête\Platform">
      <UniqueIdentifier>{59bca61c-edef-4c50-a250-74334a1bc315}</UniqueIdentifier>
    </Filter>
    <Filter Include="Fichiers d%27en-tête\Maths">
      <UniqueIdentifier>{5e86fb29-3818-458e-ba5f-105bf9f71b3e}</UniqueIdentifier>
    </Filter>
    <Filter Include="Fichiers d%27en-tête\Renderer">
      <UniqueIdentifier>{24619152-15f2-4a8f-8df9-b0083425595b}</UniqueIdentifier>
    </Filter>
    <Filter Include="Fichiers sources\Renderer">
      <UniqueIdentifier>{7d1d131c-11b3-42b2-bc90-d853fef914a1}</UniqueIdentifier>
    </Filter>
    <Filter Include="Fichiers d%27en-tête\Data">
      <UniqueIdentifier>{a824a66a-d321-4d2c-988b-06ae46fa0be2}</UniqueIdentifier>
    </Filter>
    <Filter Include="Fichiers d%27en-tête\Data\Texture">
      <UniqueIdentifier>{5b8b4721-6f31-43e4-a6e8-02bac0912cb7}</UniqueIdentifier>
    </Filter>
    <Filter Include="Fichiers sources\Data">
      <UniqueIdentifier>{5169491a-c43e-4170-b176-f8cb3ecd363d}</UniqueIdentifier>
    </Filter>
    <Filter Include="Fichiers sources\Data\Texture">
      <UniqueIdentifier>{efdd545d-e214-4355-9e6c-8b7c357a96a7}</UniqueIdentifier>
    </Filter>
  </ItemGroup>
  <ItemGroup>
    <ClInclude Include="..\..\..\..\src\Platform\AssertHdl.h">
      <Filter>Fichiers d%27en-tête\Platform</Filter>
    </ClInclude>
    <ClInclude Include="..\..\..\..\src\Platform\ShaderLoader.h">
      <Filter>Fichiers d%27en-tête\Platform</Filter>
    </ClInclude>
    <ClInclude Include="..\..\..\..\src\Maths\Image.h">
      <Filter>Fichiers d%27en-tête\Maths</Filter>
    </ClInclude>
    <ClInclude Include="..\..\..\..\src\Renderer\ParticuleShader.h">
      <Filter>Fichiers d%27en-tête\Renderer</Filter>
    </ClInclude>
    <ClInclude Include="..\..\..\..\src\Renderer\Shader.h">
      <Filter>Fichiers d%27en-tête\Renderer</Filter>
    </ClInclude>
    <ClInclude Include="..\..\..\..\src\Data\Texture\Texture2D.h">
      <Filter>Fichiers d%27en-tête\Data\Texture</Filter>
    </ClInclude>
    <ClInclude Include="..\..\..\..\src\Data\Texture\TextureDefinitions.h">
      <Filter>Fichiers d%27en-tête\Data\Texture</Filter>
    </ClInclude>
  </ItemGroup>
  <ItemGroup>
    <ClCompile Include="..\..\..\..\src\Platform\ShaderLoader.cpp">
      <Filter>Fichiers sources\Platform</Filter>
    </ClCompile>
    <ClCompile Include="..\..\..\..\src\Platform\AssertHdl.cpp">
      <Filter>Fichiers sources\Platform</Filter>
    </ClCompile>
    <ClCompile Include="..\..\..\..\test\Rendering\testParticuleRendering\main.cpp">
      <Filter>Fichiers sources</Filter>
    </ClCompile>
    <ClCompile Include="..\..\..\..\src\Renderer\ParticuleShader.cpp">
      <Filter>Fichiers sources\Renderer</Filter>
    </ClCompile>
    <ClCompile Include="..\..\..\..\src\Renderer\Shader.cpp">
      <Filter>Fichiers sources\Renderer</Filter>
    </ClCompile>
    <ClCompile Include="..\..\..\..\src\Data\Texture\Texture2D.cpp">
      <Filter>Fichiers sources\Data\Texture</Filter>
    </ClCompile>
  </ItemGroup>
  <ItemGroup>
    <None Include="..\..\..\..\src\Shaders\DrawParticules.vertexshader">
      <Filter>Fichiers de ressources</Filter>
    </None>
    <None Include="..\..\..\..\src\Shaders\DrawParticules.fragmentshader">
      <Filter>Fichiers de ressources</Filter>
    </None>
    <None Include="..\..\..\..\src\Shaders\DrawParticules.geometryshader">
      <Filter>Fichiers de ressources</Filter>
    </None>
  </ItemGroup>
</Project>