<?xml version="1.0" encoding="utf-8"?>
<Project ToolsVersion="4.0" xmlns="http://schemas.microsoft.com/developer/msbuild/2003">
  <ItemGroup>
    <Filter Include="Fichiers sources">
      <UniqueIdentifier>{4FC737F1-C7A5-4376-A066-2A32D752A2FF}</UniqueIdentifier>
      <Extensions>cpp;c;cc;cxx;def;odl;idl;hpj;bat;asm;asmx</Extensions>
    </Filter>
    <Filter Include="Fichiers d%27en-tête">
      <UniqueIdentifier>{93995380-89BD-4b04-88EB-625FBE52EBFB}</UniqueIdentifier>
      <Extensions>h;hh;hpp;hxx;hm;inl;inc;ipp;xsd</Extensions>
    </Filter>
    <Filter Include="Fichiers de ressources">
      <UniqueIdentifier>{67DA6AB6-F800-4c08-8B7A-83BB121AAD01}</UniqueIdentifier>
      <Extensions>rc;ico;cur;bmp;dlg;rc2;rct;bin;rgs;gif;jpg;jpeg;jpe;resx;tiff;tif;png;wav;mfcribbon-ms</Extensions>
    </Filter>
    <Filter Include="Fichiers sources\Maths">
      <UniqueIdentifier>{dc17a70b-fcca-4fda-a348-90202dafee33}</UniqueIdentifier>
    </Filter>
    <Filter Include="Fichiers d%27en-tête\Maths">
      <UniqueIdentifier>{2e8a438a-a8ce-4c78-89a9-3805c2f20700}</UniqueIdentifier>
    </Filter>
    <Filter Include="Fichiers sources\Renderer">
      <UniqueIdentifier>{34f54841-64d5-4e16-b8e2-77a2ac90746d}</UniqueIdentifier>
    </Filter>
    <Filter Include="Fichiers d%27en-tête\Renderer">
      <UniqueIdentifier>{6a3fab9f-2b2a-4008-9ff6-fa840c0b54bb}</UniqueIdentifier>
    </Filter>
    <Filter Include="Shaders">
      <UniqueIdentifier>{7a615a8c-f7cb-4090-985d-46f01f69fe1d}</UniqueIdentifier>
    </Filter>
    <Filter Include="Fichiers d%27en-tête\Image">
      <UniqueIdentifier>{63db6c01-9e79-4897-bb1f-c317b2d40091}</UniqueIdentifier>
    </Filter>
    <Filter Include="Fichiers d%27en-tête\Platform">
      <UniqueIdentifier>{31ebaeaf-97cd-45e3-86b0-131323ba24fd}</UniqueIdentifier>
    </Filter>
    <Filter Include="Fichiers sources\Platform">
      <UniqueIdentifier>{59395b22-841a-46b0-96e1-c83e9a0eb889}</UniqueIdentifier>
    </Filter>
  </ItemGroup>
  <ItemGroup>
    <ClCompile Include="..\..\..\..\src\scene\main.cpp">
      <Filter>Fichiers sources</Filter>
    </ClCompile>
    <ClCompile Include="..\..\..\..\src\Maths\Triangle.cpp">
      <Filter>Fichiers sources\Maths</Filter>
    </ClCompile>
    <ClCompile Include="..\..\..\..\src\Maths\Point3D.cpp">
      <Filter>Fichiers sources\Maths</Filter>
    </ClCompile>
    <ClCompile Include="..\..\..\..\src\Renderer\ParticuleShader.cpp">
      <Filter>Fichiers sources\Renderer</Filter>
    </ClCompile>
    <ClCompile Include="..\..\..\..\src\Maths\Image_8.cpp">
      <Filter>Fichiers sources\Maths</Filter>
    </ClCompile>
    <ClCompile Include="..\..\..\..\src\Platform\AssertHdl.cpp">
      <Filter>Fichiers d%27en-tête\Platform</Filter>
    </ClCompile>
    <ClCompile Include="..\..\..\..\src\Maths\Image.cpp">
      <Filter>Fichiers sources\Maths</Filter>
    </ClCompile>
  </ItemGroup>
  <ItemGroup>
    <ClInclude Include="..\..\..\..\src\Maths\Triangle.h">
      <Filter>Fichiers d%27en-tête\Maths</Filter>
    </ClInclude>
    <ClInclude Include="..\..\..\..\src\Maths\Point3D.h">
      <Filter>Fichiers d%27en-tête\Maths</Filter>
    </ClInclude>
    <ClInclude Include="..\..\..\..\src\Renderer\ParticuleShader.h">
      <Filter>Fichiers d%27en-tête\Renderer</Filter>
    </ClInclude>
    <ClInclude Include="..\..\..\..\src\Maths\Image_8.h">
      <Filter>Fichiers d%27en-tête\Maths</Filter>
    </ClInclude>
    <ClInclude Include="..\..\..\..\src\Platform\AssertHdl.h">
      <Filter>Fichiers d%27en-tête\Platform</Filter>
    </ClInclude>
    <ClInclude Include="..\..\..\..\src\Maths\Image.h">
      <Filter>Fichiers d%27en-tête\Maths</Filter>
    </ClInclude>
  </ItemGroup>
  <ItemGroup>
    <None Include="SimpleVertexShader.vertexshader">
      <Filter>Shaders</Filter>
    </None>
    <None Include="SimpleFragmentShader.fragmentshader">
      <Filter>Shaders</Filter>
    </None>
    <None Include="SimpleGeometryShader.geometryshader">
      <Filter>Shaders</Filter>
    </None>
  </ItemGroup>
</Project>