
Microsoft Visual Studio Solution File, Format Version 12.00
# Visual Studio Version 16
VisualStudioVersion = 16.0.30413.136
MinimumVisualStudioVersion = 10.0.40219.1
Project("{8BC9CEB8-8B4A-11D0-8D11-00A0C91BC942}") = "testConstantVelocity", "testConstantVelocity.vcxproj", "{97B989B2-3F4D-413F-8735-74825E7E316B}"
EndProject
Global
	GlobalSection(SolutionConfigurationPlatforms) = preSolution
		Debug|x64 = Debug|x64
		Debug|x86 = Debug|x86
		Release|x64 = Release|x64
		Release|x86 = Release|x86
	EndGlobalSection
	GlobalSection(ProjectConfigurationPlatforms) = postSolution
		{97B989B2-3F4D-413F-8735-74825E7E316B}.Debug|x64.ActiveCfg = Debug|x64
		{97B989B2-3F4D-413F-8735-74825E7E316B}.Debug|x64.Build.0 = Debug|x64
		{97B989B2-3F4D-413F-8735-74825E7E316B}.Debug|x86.ActiveCfg = Debug|Win32
		{97B989B2-3F4D-413F-8735-74825E7E316B}.Debug|x86.Build.0 = Debug|Win32
		{97B989B2-3F4D-413F-8735-74825E7E316B}.Release|x64.ActiveCfg = Release|x64
		{97B989B2-3F4D-413F-8735-74825E7E316B}.Release|x64.Build.0 = Release|x64
		{97B989B2-3F4D-413F-8735-74825E7E316B}.Release|x86.ActiveCfg = Release|Win32
		{97B989B2-3F4D-413F-8735-74825E7E316B}.Release|x86.Build.0 = Release|Win32
	EndGlobalSection
	GlobalSection(SolutionProperties) = preSolution
		HideSolutionNode = FALSE
	EndGlobalSection
	GlobalSection(ExtensibilityGlobals) = postSolution
		SolutionGuid = {28A0E704-CF8F-49BA-A5CB-C224FD053C9F}
	EndGlobalSection
EndGlobal
